
Microsoft Visual Studio Solution File, Format Version 12.00
# Visual Studio Version 17
VisualStudioVersion = 17.7.34031.279
MinimumVisualStudioVersion = 10.0.40219.1
Project("{FAE04EC0-301F-11D3-BF4B-00C04F79EFBC}") = "nasledovanie(3)", "nasledovanie(3).csproj", "{BB0DD422-0CD3-4383-948D-1FFD5D67EC89}"
EndProject
Global
	GlobalSection(SolutionConfigurationPlatforms) = preSolution
		Debug|Any CPU = Debug|Any CPU
		Release|Any CPU = Release|Any CPU
	EndGlobalSection
	GlobalSection(ProjectConfigurationPlatforms) = postSolution
		{BB0DD422-0CD3-4383-948D-1FFD5D67EC89}.Debug|Any CPU.ActiveCfg = Debug|Any CPU
		{BB0DD422-0CD3-4383-948D-1FFD5D67EC89}.Debug|Any CPU.Build.0 = Debug|Any CPU
		{BB0DD422-0CD3-4383-948D-1FFD5D67EC89}.Release|Any CPU.ActiveCfg = Release|Any CPU
		{BB0DD422-0CD3-4383-948D-1FFD5D67EC89}.Release|Any CPU.Build.0 = Release|Any CPU
	EndGlobalSection
	GlobalSection(SolutionProperties) = preSolution
		HideSolutionNode = FALSE
	EndGlobalSection
	GlobalSection(ExtensibilityGlobals) = postSolution
		SolutionGuid = {80EB56FD-1305-470E-8AD1-1BCE93B39ACF}
	EndGlobalSection
EndGlobal
