
Microsoft Visual Studio Solution File, Format Version 12.00
# Visual Studio Version 17
VisualStudioVersion = 17.7.34031.279
MinimumVisualStudioVersion = 10.0.40219.1
Project("{FAE04EC0-301F-11D3-BF4B-00C04F79EFBC}") = "lab1(classes)", "lab1(classes).csproj", "{9A28AA55-FBCD-448B-BE47-3E4B61C566B4}"
EndProject
Global
	GlobalSection(SolutionConfigurationPlatforms) = preSolution
		Debug|Any CPU = Debug|Any CPU
		Release|Any CPU = Release|Any CPU
	EndGlobalSection
	GlobalSection(ProjectConfigurationPlatforms) = postSolution
		{9A28AA55-FBCD-448B-BE47-3E4B61C566B4}.Debug|Any CPU.ActiveCfg = Debug|Any CPU
		{9A28AA55-FBCD-448B-BE47-3E4B61C566B4}.Debug|Any CPU.Build.0 = Debug|Any CPU
		{9A28AA55-FBCD-448B-BE47-3E4B61C566B4}.Release|Any CPU.ActiveCfg = Release|Any CPU
		{9A28AA55-FBCD-448B-BE47-3E4B61C566B4}.Release|Any CPU.Build.0 = Release|Any CPU
	EndGlobalSection
	GlobalSection(SolutionProperties) = preSolution
		HideSolutionNode = FALSE
	EndGlobalSection
	GlobalSection(ExtensibilityGlobals) = postSolution
		SolutionGuid = {87476313-55BB-4C24-8A43-5354222E74EC}
	EndGlobalSection
EndGlobal
