
Microsoft Visual Studio Solution File, Format Version 12.00
# Visual Studio Version 17
VisualStudioVersion = 17.7.34031.279
MinimumVisualStudioVersion = 10.0.40219.1
Project("{FAE04EC0-301F-11D3-BF4B-00C04F79EFBC}") = "methods(task2)", "methods(task2).csproj", "{4AB27593-8CC0-4262-87F8-71328840DB87}"
EndProject
Global
	GlobalSection(SolutionConfigurationPlatforms) = preSolution
		Debug|Any CPU = Debug|Any CPU
		Release|Any CPU = Release|Any CPU
	EndGlobalSection
	GlobalSection(ProjectConfigurationPlatforms) = postSolution
		{4AB27593-8CC0-4262-87F8-71328840DB87}.Debug|Any CPU.ActiveCfg = Debug|Any CPU
		{4AB27593-8CC0-4262-87F8-71328840DB87}.Debug|Any CPU.Build.0 = Debug|Any CPU
		{4AB27593-8CC0-4262-87F8-71328840DB87}.Release|Any CPU.ActiveCfg = Release|Any CPU
		{4AB27593-8CC0-4262-87F8-71328840DB87}.Release|Any CPU.Build.0 = Release|Any CPU
	EndGlobalSection
	GlobalSection(SolutionProperties) = preSolution
		HideSolutionNode = FALSE
	EndGlobalSection
	GlobalSection(ExtensibilityGlobals) = postSolution
		SolutionGuid = {43003A1E-897B-4747-A9BB-17C962D2373B}
	EndGlobalSection
EndGlobal
